
Microsoft Visual Studio Solution File, Format Version 12.00
# Visual Studio Version 17
VisualStudioVersion = 17.11.35312.102
MinimumVisualStudioVersion = 10.0.40219.1
Project("{FAE04EC0-301F-11D3-BF4B-00C04F79EFBC}") = "HomeWorkStat6", "HomeWorkStat6.csproj", "{E64525DC-94FB-4B1E-9DD1-6CEE5E04DEF6}"
EndProject
Global
	GlobalSection(SolutionConfigurationPlatforms) = preSolution
		Debug|Any CPU = Debug|Any CPU
		Release|Any CPU = Release|Any CPU
	EndGlobalSection
	GlobalSection(ProjectConfigurationPlatforms) = postSolution
		{E64525DC-94FB-4B1E-9DD1-6CEE5E04DEF6}.Debug|Any CPU.ActiveCfg = Debug|Any CPU
		{E64525DC-94FB-4B1E-9DD1-6CEE5E04DEF6}.Debug|Any CPU.Build.0 = Debug|Any CPU
		{E64525DC-94FB-4B1E-9DD1-6CEE5E04DEF6}.Release|Any CPU.ActiveCfg = Release|Any CPU
		{E64525DC-94FB-4B1E-9DD1-6CEE5E04DEF6}.Release|Any CPU.Build.0 = Release|Any CPU
	EndGlobalSection
	GlobalSection(SolutionProperties) = preSolution
		HideSolutionNode = FALSE
	EndGlobalSection
	GlobalSection(ExtensibilityGlobals) = postSolution
		SolutionGuid = {65EC5474-D12C-46FE-865E-5DA46C171556}
	EndGlobalSection
EndGlobal
